
Microsoft Visual Studio Solution File, Format Version 12.00
# Visual Studio 2013
VisualStudioVersion = 12.0.31101.0
MinimumVisualStudioVersion = 10.0.40219.1
Project("{8BC9CEB8-8B4A-11D0-8D11-00A0C91BC942}") = "addonT", "addonT\addonT.vcxproj", "{34CE7DDC-6032-40FE-AB46-F46C9FB18CA6}"
EndProject
Project("{8BC9CEB8-8B4A-11D0-8D11-00A0C91BC942}") = "addonTDB", "addonTDB\addonTDB.vcxproj", "{5AE6EF60-A89E-48CC-BB22-BAF8C5027099}"
EndProject
Global
	GlobalSection(SolutionConfigurationPlatforms) = preSolution
		Debug|Win32 = Debug|Win32
		Release|Win32 = Release|Win32
	EndGlobalSection
	GlobalSection(ProjectConfigurationPlatforms) = postSolution
		{34CE7DDC-6032-40FE-AB46-F46C9FB18CA6}.Debug|Win32.ActiveCfg = Debug|Win32
		{34CE7DDC-6032-40FE-AB46-F46C9FB18CA6}.Debug|Win32.Build.0 = Debug|Win32
		{34CE7DDC-6032-40FE-AB46-F46C9FB18CA6}.Release|Win32.ActiveCfg = Release|Win32
		{34CE7DDC-6032-40FE-AB46-F46C9FB18CA6}.Release|Win32.Build.0 = Release|Win32
		{5AE6EF60-A89E-48CC-BB22-BAF8C5027099}.Debug|Win32.ActiveCfg = Debug|Win32
		{5AE6EF60-A89E-48CC-BB22-BAF8C5027099}.Debug|Win32.Build.0 = Debug|Win32
		{5AE6EF60-A89E-48CC-BB22-BAF8C5027099}.Release|Win32.ActiveCfg = Release|Win32
		{5AE6EF60-A89E-48CC-BB22-BAF8C5027099}.Release|Win32.Build.0 = Release|Win32
	EndGlobalSection
	GlobalSection(SolutionProperties) = preSolution
		HideSolutionNode = FALSE
	EndGlobalSection
EndGlobal
